
Microsoft Visual Studio Solution File, Format Version 12.00
# Visual Studio Version 17
VisualStudioVersion = 17.0.32112.339
MinimumVisualStudioVersion = 10.0.40219.1
Project("{9A19103F-16F7-4668-BE54-9A1E7A4F7556}") = "CircleTimeSelectorDemo", "CircleTimeSelectorDemo\CircleTimeSelectorDemo.csproj", "{31F60F87-5D72-4F0A-A969-F5FE55CC1B56}"
EndProject
Project("{9A19103F-16F7-4668-BE54-9A1E7A4F7556}") = "CircleTimeSelector", "CircleTimeSelector\CircleTimeSelector.csproj", "{62FC4FA5-8810-4C03-BDEE-3096029B397E}"
EndProject
Project("{FAE04EC0-301F-11D3-BF4B-00C04F79EFBC}") = "CircleTimeSelector.Core", "CircleTimeSelector.Core\CircleTimeSelector.Core.csproj", "{618CCE2C-778E-4770-8B07-F09E2367738A}"
EndProject
Global
	GlobalSection(SolutionConfigurationPlatforms) = preSolution
		Debug|Any CPU = Debug|Any CPU
		Release|Any CPU = Release|Any CPU
	EndGlobalSection
	GlobalSection(ProjectConfigurationPlatforms) = postSolution
		{31F60F87-5D72-4F0A-A969-F5FE55CC1B56}.Debug|Any CPU.ActiveCfg = Debug|Any CPU
		{31F60F87-5D72-4F0A-A969-F5FE55CC1B56}.Debug|Any CPU.Build.0 = Debug|Any CPU
		{31F60F87-5D72-4F0A-A969-F5FE55CC1B56}.Release|Any CPU.ActiveCfg = Release|Any CPU
		{31F60F87-5D72-4F0A-A969-F5FE55CC1B56}.Release|Any CPU.Build.0 = Release|Any CPU
		{62FC4FA5-8810-4C03-BDEE-3096029B397E}.Debug|Any CPU.ActiveCfg = Debug|Any CPU
		{62FC4FA5-8810-4C03-BDEE-3096029B397E}.Debug|Any CPU.Build.0 = Debug|Any CPU
		{62FC4FA5-8810-4C03-BDEE-3096029B397E}.Release|Any CPU.ActiveCfg = Release|Any CPU
		{62FC4FA5-8810-4C03-BDEE-3096029B397E}.Release|Any CPU.Build.0 = Release|Any CPU
		{618CCE2C-778E-4770-8B07-F09E2367738A}.Debug|Any CPU.ActiveCfg = Debug|Any CPU
		{618CCE2C-778E-4770-8B07-F09E2367738A}.Debug|Any CPU.Build.0 = Debug|Any CPU
		{618CCE2C-778E-4770-8B07-F09E2367738A}.Release|Any CPU.ActiveCfg = Release|Any CPU
		{618CCE2C-778E-4770-8B07-F09E2367738A}.Release|Any CPU.Build.0 = Release|Any CPU
	EndGlobalSection
	GlobalSection(SolutionProperties) = preSolution
		HideSolutionNode = FALSE
	EndGlobalSection
	GlobalSection(ExtensibilityGlobals) = postSolution
		SolutionGuid = {73CAE22C-BC97-4B0B-87C9-73588FDC7274}
	EndGlobalSection
EndGlobal
